#MicroXplorer Configuration settings - do not modify
Mcu.Family=STM32F0
ProjectManager.MainLocation=Src
RCC.I2SFreq_Value=48000000
RCC.MCOFreq_Value=48000000
PA6.Mode=Full_Duplex_Master
USB_DEVICE.CLASS_NAME_FS=CDC
RCC.USART1Freq_Value=48000000
ProjectManager.ProjectFileName=STM32_ROAST_Telemetry.ioc
SPI2.VirtualNSS=VM_NSSHARD
PA7.Mode=Full_Duplex_Master
ProjectManager.KeepUserCode=true
Mcu.UserName=STM32F042C6Tx
Mcu.PinsNb=20
SPI1.VirtualType=VM_MASTER
NVIC.USB_IRQn=true\:0\:0\:false\:false\:true\:false\:true
SPI2.VirtualType=VM_MASTER
ProjectManager.NoMain=false
SPI1.IPParameters=VirtualType,Mode,Direction,CalculateBaudRate,BaudRatePrescaler,DataSize,VirtualNSS
USB_DEVICE.VirtualModeFS=Cdc_FS
RCC.PLLCLKFreq_Value=16000000
ProjectManager.functionlistsort=1-MX_GPIO_Init-GPIO-false-HAL-true,2-SystemClock_Config-RCC-false-HAL-false,3-MX_CAN_Init-CAN-false-HAL-true,4-MX_SPI1_Init-SPI1-false-HAL-true,5-MX_SPI2_Init-SPI2-false-HAL-true,6-MX_USB_DEVICE_Init-USB_DEVICE-false-HAL-false
PA11.Mode=Device
PA3.GPIOParameters=GPIO_Label
ProjectManager.DefaultFWLocation=true
PB12.Locked=true
NVIC.SVC_IRQn=true\:0\:0\:false\:false\:true\:false\:false
ProjectManager.DeletePrevious=true
PF1-OSC_OUT.Locked=true
PB15.Signal=SPI2_MOSI
PB13.Signal=SPI2_SCK
USB_DEVICE.IPParameters=VirtualMode,VirtualModeFS,CLASS_NAME_FS
PinOutPanel.RotationAngle=0
RCC.FamilyName=M
RCC.SYSCLKSource=RCC_SYSCLKSOURCE_HSI48
ProjectManager.StackSize=0x400
PA13.Signal=SYS_SWDIO
Mcu.IP4=SPI2
RCC.FCLKCortexFreq_Value=48000000
Mcu.IP5=SYS
Mcu.IP2=RCC
Mcu.IP3=SPI1
Mcu.IP0=CAN
Mcu.IP1=NVIC
PA12.Signal=USB_DP
Mcu.UserConstants=
PA4.Mode=NSS_Signal_Hard_Output
ProjectManager.TargetToolchain=SW4STM32
Mcu.ThirdPartyNb=0
SPI1.Direction=SPI_DIRECTION_2LINES
RCC.HCLKFreq_Value=48000000
VP_USB_DEVICE_VS_USB_DEVICE_CDC_FS.Mode=CDC_FS
Mcu.IPNb=8
ProjectManager.PreviousToolchain=SW4STM32
PB9.Mode=Master
SPI1.CalculateBaudRate=12.0 MBits/s
SPI2.IPParameters=VirtualType,Mode,Direction,CalculateBaudRate,BaudRatePrescaler,DataSize,VirtualNSS
Mcu.Pin6=PA6
Mcu.Pin7=PA7
Mcu.Pin8=PB12
RCC.USBFreq_Value=48000000
Mcu.Pin9=PB13
RCC.AHBFreq_Value=48000000
SPI2.BaudRatePrescaler=SPI_BAUDRATEPRESCALER_4
PB13.Locked=true
Mcu.Pin0=PF0-OSC_IN
Mcu.Pin1=PF1-OSC_OUT
PF0-OSC_IN.Mode=HSE-External-Oscillator
GPIO.groupedBy=Group By Peripherals
Mcu.Pin2=PA0
Mcu.Pin3=PA3
Mcu.Pin4=PA4
Mcu.Pin5=PA5
PB14.Signal=SPI2_MISO
PA5.Signal=SPI1_SCK
ProjectManager.ProjectBuild=false
PA0.Locked=true
board=custom
NVIC.SysTick_IRQn=true\:0\:0\:false\:false\:true\:false\:true
ProjectManager.LastFirmware=true
PB15.Mode=Full_Duplex_Master
RCC.VCOOutput2Freq_Value=8000000
ProjectManager.FirmwarePackage=STM32Cube FW_F0 V1.11.0
MxDb.Version=DB.5.0.60
ProjectManager.BackupPrevious=true
MxCube.Version=5.6.0
SPI1.Mode=SPI_MODE_MASTER
PA14.Mode=Serial_Wire
PB14.Mode=Full_Duplex_Master
SPI1.DataSize=SPI_DATASIZE_8BIT
File.Version=6
VP_SYS_VS_Systick.Mode=SysTick
SPI2.CalculateBaudRate=12.0 MBits/s
NVIC.NonMaskableInt_IRQn=true\:0\:0\:false\:false\:true\:false\:false
SPI1.VirtualNSS=VM_NSSHARD
CAN.IPParameters=CalculateTimeQuantum
NVIC.PendSV_IRQn=true\:0\:0\:false\:false\:true\:false\:false
PA13.Mode=Serial_Wire
ProjectManager.FreePins=false
RCC.IPParameters=AHBFreq_Value,APB1Freq_Value,APB1TimFreq_Value,CECFreq_Value,FCLKCortexFreq_Value,FamilyName,HCLKFreq_Value,HSICECFreq_Value,I2SFreq_Value,MCOFreq_Value,PLLCLKFreq_Value,PLLMCOFreq_Value,SYSCLKFreq_VALUE,SYSCLKSource,TimSysFreq_Value,USART1Freq_Value,USBFreq_Value,VCOOutput2Freq_Value
ProjectManager.AskForMigrate=true
Mcu.Name=STM32F042C(4-6)Tx
CAN.CalculateTimeQuantum=333.3333333333333
ProjectManager.HalAssertFull=false
ProjectManager.ProjectName=STM32_ROAST_Telemetry
ProjectManager.UnderRoot=true
PA0.Signal=GPIO_Output
RCC.HSICECFreq_Value=32786.88524590164
Mcu.IP6=USB
RCC.PLLMCOFreq_Value=16000000
Mcu.IP7=USB_DEVICE
ProjectManager.CoupleFile=true
PA4.Signal=SPI1_NSS
RCC.SYSCLKFreq_VALUE=48000000
Mcu.Package=LQFP48
PB9.Signal=CAN_TX
PA6.Signal=SPI1_MISO
RCC.TimSysFreq_Value=48000000
PB12.Mode=NSS_Signal_Hard_Output
PA3.Locked=true
SPI2.Mode=SPI_MODE_MASTER
PA12.Mode=Device
NVIC.ForceEnableDMAVector=true
KeepUserPlacement=false
ProjectManager.CompilerOptimize=6
ProjectManager.ToolChainLocation=
VP_SYS_VS_Systick.Signal=SYS_VS_Systick
PA11.Signal=USB_DM
PA14.Signal=SYS_SWCLK
ProjectManager.HeapSize=0x200
Mcu.Pin15=PA14
NVIC.HardFault_IRQn=true\:0\:0\:false\:false\:true\:false\:false
Mcu.Pin16=PB8
VP_USB_DEVICE_VS_USB_DEVICE_CDC_FS.Signal=USB_DEVICE_VS_USB_DEVICE_CDC_FS
Mcu.Pin13=PA12
Mcu.Pin14=PA13
Mcu.Pin19=VP_USB_DEVICE_VS_USB_DEVICE_CDC_FS
ProjectManager.ComputerToolchain=false
Mcu.Pin17=PB9
Mcu.Pin18=VP_SYS_VS_Systick
Mcu.Pin11=PB15
Mcu.Pin12=PA11
PB8.Mode=Master
Mcu.Pin10=PB14
RCC.CECFreq_Value=32786.88524590164
RCC.APB1TimFreq_Value=48000000
PB8.Signal=CAN_RX
SPI2.DataSize=SPI_DATASIZE_8BIT
SPI2.Direction=SPI_DIRECTION_2LINES
PB13.Mode=Full_Duplex_Master
PF0-OSC_IN.Signal=RCC_OSC_IN
PF1-OSC_OUT.Mode=HSE-External-Oscillator
RCC.APB1Freq_Value=48000000
SPI1.BaudRatePrescaler=SPI_BAUDRATEPRESCALER_4
USB_DEVICE.VirtualMode=Cdc
ProjectManager.CustomerFirmwarePackage=
ProjectManager.DeviceId=STM32F042C6Tx
PB12.Signal=SPI2_NSS
PF1-OSC_OUT.Signal=RCC_OSC_OUT
ProjectManager.LibraryCopy=1
PA3.GPIO_Label=SPI1_CE
PA3.Signal=GPIO_Output
PA5.Mode=Full_Duplex_Master
PA7.Signal=SPI1_MOSI
